
Microsoft Visual Studio Solution File, Format Version 12.00
# Visual Studio Version 17
VisualStudioVersion = 17.0.31903.59
MinimumVisualStudioVersion = 10.0.40219.1
Project("{2150E333-8FDC-42A3-9474-1A3956D46DE8}") = "Solution Items", "Solution Items", "{C97DB87D-B01D-472D-88E9-5348E972CB9A}"
	ProjectSection(SolutionItems) = preProject
		.editorconfig = .editorconfig
		Directory.Build.props = Directory.Build.props
		Directory.Build.targets = Directory.Build.targets
	EndProjectSection
EndProject
Project("{2150E333-8FDC-42A3-9474-1A3956D46DE8}") = "src", "src", "{3C543720-E318-4656-AFA2-8DB81AB239C4}"
EndProject
Project("{9A19103F-16F7-4668-BE54-9A1E7A4F7556}") = "OSCManager", "src\Core\OSCManager\OSCManager.csproj", "{1688DB9B-B58F-46A4-BC8B-3A473906EF64}"
EndProject
Project("{9A19103F-16F7-4668-BE54-9A1E7A4F7556}") = "OSCManager.Core", "src\Core\OSCManager.Core\OSCManager.Core.csproj", "{A73D3A8C-D0AE-4D07-83F1-975522826D28}"
EndProject
Project("{9A19103F-16F7-4668-BE54-9A1E7A4F7556}") = "OSCManager.Abstractions", "src\Core\OSCManager.Abstractions\OSCManager.Abstractions.csproj", "{927184F1-1036-4A34-8F8B-7BE21F49C9EE}"
EndProject
Project("{9A19103F-16F7-4668-BE54-9A1E7A4F7556}") = "OSCManager.Persistence.Core", "src\Core\OSCManager.Persistence.Core\OSCManager.Persistence.Core.csproj", "{58694345-0A4F-4660-95B5-B5AEF907D312}"
EndProject
Project("{2150E333-8FDC-42A3-9474-1A3956D46DE8}") = "Persistence", "Persistence", "{35198549-D420-4A1E-ACE6-74B16C70C361}"
EndProject
Project("{9A19103F-16F7-4668-BE54-9A1E7A4F7556}") = "OSCManager.Persistence.MySql", "src\Persistence\OSCManager.Persistence.MySql\OSCManager.Persistence.MySql.csproj", "{BBC862EF-76E9-4BBD-8ACE-C099C9536008}"
EndProject
Project("{9A19103F-16F7-4668-BE54-9A1E7A4F7556}") = "OSCManager.Persistence.SqlServer", "src\Persistence\OSCManager.Persistence.SqlServer\OSCManager.Persistence.SqlServer.csproj", "{0E99AF52-100B-41B3-9B09-9131739E7F90}"
EndProject
Project("{9A19103F-16F7-4668-BE54-9A1E7A4F7556}") = "OSCManager.VersionManager.Core", "src\Core\OSCManager.VersionManager.Core\OSCManager.VersionManager.Core.csproj", "{3FF00D2B-9834-460E-93AE-633502A6329A}"
EndProject
Project("{2150E333-8FDC-42A3-9474-1A3956D46DE8}") = "VersionManager", "VersionManager", "{610291CE-2D3E-4DD7-A652-73731630F573}"
EndProject
Project("{9A19103F-16F7-4668-BE54-9A1E7A4F7556}") = "OSCManager.VersionManager.Git", "src\VersionManager\OSCManager.VersionManager.Git\OSCManager.VersionManager.Git.csproj", "{413BB7F6-3736-4157-8DEB-CA51EA9679CD}"
EndProject
Project("{9A19103F-16F7-4668-BE54-9A1E7A4F7556}") = "OSCManager.VersionManager.Svn", "src\VersionManager\OSCManager.VersionManager.Svn\OSCManager.VersionManager.Svn.csproj", "{29F12D21-0925-445D-99C1-830135E18990}"
EndProject
Project("{9A19103F-16F7-4668-BE54-9A1E7A4F7556}") = "OSCManager.Api", "src\Core\OSCManager.Api\OSCManager.Api.csproj", "{A17705D5-4A67-46A9-A510-ED1B96A51F4E}"
EndProject
Project("{2150E333-8FDC-42A3-9474-1A3956D46DE8}") = "tests", "tests", "{AED4E8A3-F5D3-4CFA-BF09-DFD1148FAA22}"
EndProject
Project("{9A19103F-16F7-4668-BE54-9A1E7A4F7556}") = "OSCManager.VersionManager.Git.Test", "tests\OSCManager.VersionManager.Git.Test\OSCManager.VersionManager.Git.Test.csproj", "{4C8F4172-9985-486B-8A62-6BA3BF5E741C}"
EndProject
Project("{2150E333-8FDC-42A3-9474-1A3956D46DE8}") = "client", "client", "{5663CBC2-FC4D-4BD6-907A-16ACE3F32359}"
EndProject
Project("{54A90642-561A-4BB1-A94E-469ADEE60C69}") = "vue3-ts-antdesign", "client\vue3-ts-antdesign\vue3-ts-antdesign.esproj", "{6E91BD2F-279F-462D-922C-EE8BE4F26B68}"
EndProject
Project("{54A90642-561A-4BB1-A94E-469ADEE60C69}") = "vue3-ts-element", "client\vue3-ts-element\vue3-ts-element.esproj", "{93356D0F-2872-4AF6-AB1B-8182F58FFF16}"
EndProject
Project("{2150E333-8FDC-42A3-9474-1A3956D46DE8}") = "Core", "Core", "{52949E25-0130-434C-9FEE-9EC0051FE249}"
EndProject
Project("{2150E333-8FDC-42A3-9474-1A3956D46DE8}") = "Persistence", "Persistence", "{99098003-35C5-468B-991B-2D7779598DB2}"
EndProject
Project("{9A19103F-16F7-4668-BE54-9A1E7A4F7556}") = "OSCManager.Persistence.Mysql", "tests\Persistence\OSCManager.Persistence.Mysql\OSCManager.Persistence.Mysql.csproj", "{4ECE73F4-C9C1-4CC2-BB4C-A533D4D3F882}"
EndProject
Project("{2150E333-8FDC-42A3-9474-1A3956D46DE8}") = "Common", "Common", "{20815E16-2C5A-4708-974E-D55634A21E18}"
EndProject
Project("{FAE04EC0-301F-11D3-BF4B-00C04F79EFBC}") = "BlueCloudNet.Web.ApiCommon", "src\Common\BlueCloudNet.Web.ApiCommon\BlueCloudNet.Web.ApiCommon.csproj", "{BF303DF4-2A54-4B16-AF7D-6094B99262CF}"
EndProject
Global
	GlobalSection(SolutionConfigurationPlatforms) = preSolution
		Debug|Any CPU = Debug|Any CPU
		Debug|x64 = Debug|x64
		Debug|x86 = Debug|x86
		Release|Any CPU = Release|Any CPU
		Release|x64 = Release|x64
		Release|x86 = Release|x86
	EndGlobalSection
	GlobalSection(ProjectConfigurationPlatforms) = postSolution
		{1688DB9B-B58F-46A4-BC8B-3A473906EF64}.Debug|Any CPU.ActiveCfg = Debug|Any CPU
		{1688DB9B-B58F-46A4-BC8B-3A473906EF64}.Debug|Any CPU.Build.0 = Debug|Any CPU
		{1688DB9B-B58F-46A4-BC8B-3A473906EF64}.Debug|x64.ActiveCfg = Debug|Any CPU
		{1688DB9B-B58F-46A4-BC8B-3A473906EF64}.Debug|x64.Build.0 = Debug|Any CPU
		{1688DB9B-B58F-46A4-BC8B-3A473906EF64}.Debug|x86.ActiveCfg = Debug|Any CPU
		{1688DB9B-B58F-46A4-BC8B-3A473906EF64}.Debug|x86.Build.0 = Debug|Any CPU
		{1688DB9B-B58F-46A4-BC8B-3A473906EF64}.Release|Any CPU.ActiveCfg = Release|Any CPU
		{1688DB9B-B58F-46A4-BC8B-3A473906EF64}.Release|Any CPU.Build.0 = Release|Any CPU
		{1688DB9B-B58F-46A4-BC8B-3A473906EF64}.Release|x64.ActiveCfg = Release|Any CPU
		{1688DB9B-B58F-46A4-BC8B-3A473906EF64}.Release|x64.Build.0 = Release|Any CPU
		{1688DB9B-B58F-46A4-BC8B-3A473906EF64}.Release|x86.ActiveCfg = Release|Any CPU
		{1688DB9B-B58F-46A4-BC8B-3A473906EF64}.Release|x86.Build.0 = Release|Any CPU
		{A73D3A8C-D0AE-4D07-83F1-975522826D28}.Debug|Any CPU.ActiveCfg = Debug|Any CPU
		{A73D3A8C-D0AE-4D07-83F1-975522826D28}.Debug|Any CPU.Build.0 = Debug|Any CPU
		{A73D3A8C-D0AE-4D07-83F1-975522826D28}.Debug|x64.ActiveCfg = Debug|Any CPU
		{A73D3A8C-D0AE-4D07-83F1-975522826D28}.Debug|x64.Build.0 = Debug|Any CPU
		{A73D3A8C-D0AE-4D07-83F1-975522826D28}.Debug|x86.ActiveCfg = Debug|Any CPU
		{A73D3A8C-D0AE-4D07-83F1-975522826D28}.Debug|x86.Build.0 = Debug|Any CPU
		{A73D3A8C-D0AE-4D07-83F1-975522826D28}.Release|Any CPU.ActiveCfg = Release|Any CPU
		{A73D3A8C-D0AE-4D07-83F1-975522826D28}.Release|Any CPU.Build.0 = Release|Any CPU
		{A73D3A8C-D0AE-4D07-83F1-975522826D28}.Release|x64.ActiveCfg = Release|Any CPU
		{A73D3A8C-D0AE-4D07-83F1-975522826D28}.Release|x64.Build.0 = Release|Any CPU
		{A73D3A8C-D0AE-4D07-83F1-975522826D28}.Release|x86.ActiveCfg = Release|Any CPU
		{A73D3A8C-D0AE-4D07-83F1-975522826D28}.Release|x86.Build.0 = Release|Any CPU
		{927184F1-1036-4A34-8F8B-7BE21F49C9EE}.Debug|Any CPU.ActiveCfg = Debug|Any CPU
		{927184F1-1036-4A34-8F8B-7BE21F49C9EE}.Debug|Any CPU.Build.0 = Debug|Any CPU
		{927184F1-1036-4A34-8F8B-7BE21F49C9EE}.Debug|x64.ActiveCfg = Debug|Any CPU
		{927184F1-1036-4A34-8F8B-7BE21F49C9EE}.Debug|x64.Build.0 = Debug|Any CPU
		{927184F1-1036-4A34-8F8B-7BE21F49C9EE}.Debug|x86.ActiveCfg = Debug|Any CPU
		{927184F1-1036-4A34-8F8B-7BE21F49C9EE}.Debug|x86.Build.0 = Debug|Any CPU
		{927184F1-1036-4A34-8F8B-7BE21F49C9EE}.Release|Any CPU.ActiveCfg = Release|Any CPU
		{927184F1-1036-4A34-8F8B-7BE21F49C9EE}.Release|Any CPU.Build.0 = Release|Any CPU
		{927184F1-1036-4A34-8F8B-7BE21F49C9EE}.Release|x64.ActiveCfg = Release|Any CPU
		{927184F1-1036-4A34-8F8B-7BE21F49C9EE}.Release|x64.Build.0 = Release|Any CPU
		{927184F1-1036-4A34-8F8B-7BE21F49C9EE}.Release|x86.ActiveCfg = Release|Any CPU
		{927184F1-1036-4A34-8F8B-7BE21F49C9EE}.Release|x86.Build.0 = Release|Any CPU
		{58694345-0A4F-4660-95B5-B5AEF907D312}.Debug|Any CPU.ActiveCfg = Debug|Any CPU
		{58694345-0A4F-4660-95B5-B5AEF907D312}.Debug|Any CPU.Build.0 = Debug|Any CPU
		{58694345-0A4F-4660-95B5-B5AEF907D312}.Debug|x64.ActiveCfg = Debug|Any CPU
		{58694345-0A4F-4660-95B5-B5AEF907D312}.Debug|x64.Build.0 = Debug|Any CPU
		{58694345-0A4F-4660-95B5-B5AEF907D312}.Debug|x86.ActiveCfg = Debug|Any CPU
		{58694345-0A4F-4660-95B5-B5AEF907D312}.Debug|x86.Build.0 = Debug|Any CPU
		{58694345-0A4F-4660-95B5-B5AEF907D312}.Release|Any CPU.ActiveCfg = Release|Any CPU
		{58694345-0A4F-4660-95B5-B5AEF907D312}.Release|Any CPU.Build.0 = Release|Any CPU
		{58694345-0A4F-4660-95B5-B5AEF907D312}.Release|x64.ActiveCfg = Release|Any CPU
		{58694345-0A4F-4660-95B5-B5AEF907D312}.Release|x64.Build.0 = Release|Any CPU
		{58694345-0A4F-4660-95B5-B5AEF907D312}.Release|x86.ActiveCfg = Release|Any CPU
		{58694345-0A4F-4660-95B5-B5AEF907D312}.Release|x86.Build.0 = Release|Any CPU
		{BBC862EF-76E9-4BBD-8ACE-C099C9536008}.Debug|Any CPU.ActiveCfg = Debug|Any CPU
		{BBC862EF-76E9-4BBD-8ACE-C099C9536008}.Debug|Any CPU.Build.0 = Debug|Any CPU
		{BBC862EF-76E9-4BBD-8ACE-C099C9536008}.Debug|x64.ActiveCfg = Debug|Any CPU
		{BBC862EF-76E9-4BBD-8ACE-C099C9536008}.Debug|x64.Build.0 = Debug|Any CPU
		{BBC862EF-76E9-4BBD-8ACE-C099C9536008}.Debug|x86.ActiveCfg = Debug|Any CPU
		{BBC862EF-76E9-4BBD-8ACE-C099C9536008}.Debug|x86.Build.0 = Debug|Any CPU
		{BBC862EF-76E9-4BBD-8ACE-C099C9536008}.Release|Any CPU.ActiveCfg = Release|Any CPU
		{BBC862EF-76E9-4BBD-8ACE-C099C9536008}.Release|Any CPU.Build.0 = Release|Any CPU
		{BBC862EF-76E9-4BBD-8ACE-C099C9536008}.Release|x64.ActiveCfg = Release|Any CPU
		{BBC862EF-76E9-4BBD-8ACE-C099C9536008}.Release|x64.Build.0 = Release|Any CPU
		{BBC862EF-76E9-4BBD-8ACE-C099C9536008}.Release|x86.ActiveCfg = Release|Any CPU
		{BBC862EF-76E9-4BBD-8ACE-C099C9536008}.Release|x86.Build.0 = Release|Any CPU
		{0E99AF52-100B-41B3-9B09-9131739E7F90}.Debug|Any CPU.ActiveCfg = Debug|Any CPU
		{0E99AF52-100B-41B3-9B09-9131739E7F90}.Debug|Any CPU.Build.0 = Debug|Any CPU
		{0E99AF52-100B-41B3-9B09-9131739E7F90}.Debug|x64.ActiveCfg = Debug|Any CPU
		{0E99AF52-100B-41B3-9B09-9131739E7F90}.Debug|x64.Build.0 = Debug|Any CPU
		{0E99AF52-100B-41B3-9B09-9131739E7F90}.Debug|x86.ActiveCfg = Debug|Any CPU
		{0E99AF52-100B-41B3-9B09-9131739E7F90}.Debug|x86.Build.0 = Debug|Any CPU
		{0E99AF52-100B-41B3-9B09-9131739E7F90}.Release|Any CPU.ActiveCfg = Release|Any CPU
		{0E99AF52-100B-41B3-9B09-9131739E7F90}.Release|Any CPU.Build.0 = Release|Any CPU
		{0E99AF52-100B-41B3-9B09-9131739E7F90}.Release|x64.ActiveCfg = Release|Any CPU
		{0E99AF52-100B-41B3-9B09-9131739E7F90}.Release|x64.Build.0 = Release|Any CPU
		{0E99AF52-100B-41B3-9B09-9131739E7F90}.Release|x86.ActiveCfg = Release|Any CPU
		{0E99AF52-100B-41B3-9B09-9131739E7F90}.Release|x86.Build.0 = Release|Any CPU
		{3FF00D2B-9834-460E-93AE-633502A6329A}.Debug|Any CPU.ActiveCfg = Debug|Any CPU
		{3FF00D2B-9834-460E-93AE-633502A6329A}.Debug|Any CPU.Build.0 = Debug|Any CPU
		{3FF00D2B-9834-460E-93AE-633502A6329A}.Debug|x64.ActiveCfg = Debug|Any CPU
		{3FF00D2B-9834-460E-93AE-633502A6329A}.Debug|x64.Build.0 = Debug|Any CPU
		{3FF00D2B-9834-460E-93AE-633502A6329A}.Debug|x86.ActiveCfg = Debug|Any CPU
		{3FF00D2B-9834-460E-93AE-633502A6329A}.Debug|x86.Build.0 = Debug|Any CPU
		{3FF00D2B-9834-460E-93AE-633502A6329A}.Release|Any CPU.ActiveCfg = Release|Any CPU
		{3FF00D2B-9834-460E-93AE-633502A6329A}.Release|Any CPU.Build.0 = Release|Any CPU
		{3FF00D2B-9834-460E-93AE-633502A6329A}.Release|x64.ActiveCfg = Release|Any CPU
		{3FF00D2B-9834-460E-93AE-633502A6329A}.Release|x64.Build.0 = Release|Any CPU
		{3FF00D2B-9834-460E-93AE-633502A6329A}.Release|x86.ActiveCfg = Release|Any CPU
		{3FF00D2B-9834-460E-93AE-633502A6329A}.Release|x86.Build.0 = Release|Any CPU
		{413BB7F6-3736-4157-8DEB-CA51EA9679CD}.Debug|Any CPU.ActiveCfg = Debug|Any CPU
		{413BB7F6-3736-4157-8DEB-CA51EA9679CD}.Debug|Any CPU.Build.0 = Debug|Any CPU
		{413BB7F6-3736-4157-8DEB-CA51EA9679CD}.Debug|x64.ActiveCfg = Debug|Any CPU
		{413BB7F6-3736-4157-8DEB-CA51EA9679CD}.Debug|x64.Build.0 = Debug|Any CPU
		{413BB7F6-3736-4157-8DEB-CA51EA9679CD}.Debug|x86.ActiveCfg = Debug|Any CPU
		{413BB7F6-3736-4157-8DEB-CA51EA9679CD}.Debug|x86.Build.0 = Debug|Any CPU
		{413BB7F6-3736-4157-8DEB-CA51EA9679CD}.Release|Any CPU.ActiveCfg = Release|Any CPU
		{413BB7F6-3736-4157-8DEB-CA51EA9679CD}.Release|Any CPU.Build.0 = Release|Any CPU
		{413BB7F6-3736-4157-8DEB-CA51EA9679CD}.Release|x64.ActiveCfg = Release|Any CPU
		{413BB7F6-3736-4157-8DEB-CA51EA9679CD}.Release|x64.Build.0 = Release|Any CPU
		{413BB7F6-3736-4157-8DEB-CA51EA9679CD}.Release|x86.ActiveCfg = Release|Any CPU
		{413BB7F6-3736-4157-8DEB-CA51EA9679CD}.Release|x86.Build.0 = Release|Any CPU
		{29F12D21-0925-445D-99C1-830135E18990}.Debug|Any CPU.ActiveCfg = Debug|Any CPU
		{29F12D21-0925-445D-99C1-830135E18990}.Debug|Any CPU.Build.0 = Debug|Any CPU
		{29F12D21-0925-445D-99C1-830135E18990}.Debug|x64.ActiveCfg = Debug|Any CPU
		{29F12D21-0925-445D-99C1-830135E18990}.Debug|x64.Build.0 = Debug|Any CPU
		{29F12D21-0925-445D-99C1-830135E18990}.Debug|x86.ActiveCfg = Debug|Any CPU
		{29F12D21-0925-445D-99C1-830135E18990}.Debug|x86.Build.0 = Debug|Any CPU
		{29F12D21-0925-445D-99C1-830135E18990}.Release|Any CPU.ActiveCfg = Release|Any CPU
		{29F12D21-0925-445D-99C1-830135E18990}.Release|Any CPU.Build.0 = Release|Any CPU
		{29F12D21-0925-445D-99C1-830135E18990}.Release|x64.ActiveCfg = Release|Any CPU
		{29F12D21-0925-445D-99C1-830135E18990}.Release|x64.Build.0 = Release|Any CPU
		{29F12D21-0925-445D-99C1-830135E18990}.Release|x86.ActiveCfg = Release|Any CPU
		{29F12D21-0925-445D-99C1-830135E18990}.Release|x86.Build.0 = Release|Any CPU
		{A17705D5-4A67-46A9-A510-ED1B96A51F4E}.Debug|Any CPU.ActiveCfg = Debug|Any CPU
		{A17705D5-4A67-46A9-A510-ED1B96A51F4E}.Debug|Any CPU.Build.0 = Debug|Any CPU
		{A17705D5-4A67-46A9-A510-ED1B96A51F4E}.Debug|x64.ActiveCfg = Debug|Any CPU
		{A17705D5-4A67-46A9-A510-ED1B96A51F4E}.Debug|x64.Build.0 = Debug|Any CPU
		{A17705D5-4A67-46A9-A510-ED1B96A51F4E}.Debug|x86.ActiveCfg = Debug|Any CPU
		{A17705D5-4A67-46A9-A510-ED1B96A51F4E}.Debug|x86.Build.0 = Debug|Any CPU
		{A17705D5-4A67-46A9-A510-ED1B96A51F4E}.Release|Any CPU.ActiveCfg = Release|Any CPU
		{A17705D5-4A67-46A9-A510-ED1B96A51F4E}.Release|Any CPU.Build.0 = Release|Any CPU
		{A17705D5-4A67-46A9-A510-ED1B96A51F4E}.Release|x64.ActiveCfg = Release|Any CPU
		{A17705D5-4A67-46A9-A510-ED1B96A51F4E}.Release|x64.Build.0 = Release|Any CPU
		{A17705D5-4A67-46A9-A510-ED1B96A51F4E}.Release|x86.ActiveCfg = Release|Any CPU
		{A17705D5-4A67-46A9-A510-ED1B96A51F4E}.Release|x86.Build.0 = Release|Any CPU
		{4C8F4172-9985-486B-8A62-6BA3BF5E741C}.Debug|Any CPU.ActiveCfg = Debug|Any CPU
		{4C8F4172-9985-486B-8A62-6BA3BF5E741C}.Debug|Any CPU.Build.0 = Debug|Any CPU
		{4C8F4172-9985-486B-8A62-6BA3BF5E741C}.Debug|x64.ActiveCfg = Debug|Any CPU
		{4C8F4172-9985-486B-8A62-6BA3BF5E741C}.Debug|x64.Build.0 = Debug|Any CPU
		{4C8F4172-9985-486B-8A62-6BA3BF5E741C}.Debug|x86.ActiveCfg = Debug|Any CPU
		{4C8F4172-9985-486B-8A62-6BA3BF5E741C}.Debug|x86.Build.0 = Debug|Any CPU
		{4C8F4172-9985-486B-8A62-6BA3BF5E741C}.Release|Any CPU.ActiveCfg = Release|Any CPU
		{4C8F4172-9985-486B-8A62-6BA3BF5E741C}.Release|Any CPU.Build.0 = Release|Any CPU
		{4C8F4172-9985-486B-8A62-6BA3BF5E741C}.Release|x64.ActiveCfg = Release|Any CPU
		{4C8F4172-9985-486B-8A62-6BA3BF5E741C}.Release|x64.Build.0 = Release|Any CPU
		{4C8F4172-9985-486B-8A62-6BA3BF5E741C}.Release|x86.ActiveCfg = Release|Any CPU
		{4C8F4172-9985-486B-8A62-6BA3BF5E741C}.Release|x86.Build.0 = Release|Any CPU
		{6E91BD2F-279F-462D-922C-EE8BE4F26B68}.Debug|Any CPU.ActiveCfg = Debug|Any CPU
		{6E91BD2F-279F-462D-922C-EE8BE4F26B68}.Debug|Any CPU.Build.0 = Debug|Any CPU
		{6E91BD2F-279F-462D-922C-EE8BE4F26B68}.Debug|Any CPU.Deploy.0 = Debug|Any CPU
		{6E91BD2F-279F-462D-922C-EE8BE4F26B68}.Debug|x64.ActiveCfg = Debug|Any CPU
		{6E91BD2F-279F-462D-922C-EE8BE4F26B68}.Debug|x64.Build.0 = Debug|Any CPU
		{6E91BD2F-279F-462D-922C-EE8BE4F26B68}.Debug|x64.Deploy.0 = Debug|Any CPU
		{6E91BD2F-279F-462D-922C-EE8BE4F26B68}.Debug|x86.ActiveCfg = Debug|Any CPU
		{6E91BD2F-279F-462D-922C-EE8BE4F26B68}.Debug|x86.Build.0 = Debug|Any CPU
		{6E91BD2F-279F-462D-922C-EE8BE4F26B68}.Debug|x86.Deploy.0 = Debug|Any CPU
		{6E91BD2F-279F-462D-922C-EE8BE4F26B68}.Release|Any CPU.ActiveCfg = Release|Any CPU
		{6E91BD2F-279F-462D-922C-EE8BE4F26B68}.Release|Any CPU.Build.0 = Release|Any CPU
		{6E91BD2F-279F-462D-922C-EE8BE4F26B68}.Release|Any CPU.Deploy.0 = Release|Any CPU
		{6E91BD2F-279F-462D-922C-EE8BE4F26B68}.Release|x64.ActiveCfg = Release|Any CPU
		{6E91BD2F-279F-462D-922C-EE8BE4F26B68}.Release|x64.Build.0 = Release|Any CPU
		{6E91BD2F-279F-462D-922C-EE8BE4F26B68}.Release|x64.Deploy.0 = Release|Any CPU
		{6E91BD2F-279F-462D-922C-EE8BE4F26B68}.Release|x86.ActiveCfg = Release|Any CPU
		{6E91BD2F-279F-462D-922C-EE8BE4F26B68}.Release|x86.Build.0 = Release|Any CPU
		{6E91BD2F-279F-462D-922C-EE8BE4F26B68}.Release|x86.Deploy.0 = Release|Any CPU
		{93356D0F-2872-4AF6-AB1B-8182F58FFF16}.Debug|Any CPU.ActiveCfg = Debug|Any CPU
		{93356D0F-2872-4AF6-AB1B-8182F58FFF16}.Debug|Any CPU.Build.0 = Debug|Any CPU
		{93356D0F-2872-4AF6-AB1B-8182F58FFF16}.Debug|Any CPU.Deploy.0 = Debug|Any CPU
		{93356D0F-2872-4AF6-AB1B-8182F58FFF16}.Debug|x64.ActiveCfg = Debug|Any CPU
		{93356D0F-2872-4AF6-AB1B-8182F58FFF16}.Debug|x64.Build.0 = Debug|Any CPU
		{93356D0F-2872-4AF6-AB1B-8182F58FFF16}.Debug|x64.Deploy.0 = Debug|Any CPU
		{93356D0F-2872-4AF6-AB1B-8182F58FFF16}.Debug|x86.ActiveCfg = Debug|Any CPU
		{93356D0F-2872-4AF6-AB1B-8182F58FFF16}.Debug|x86.Build.0 = Debug|Any CPU
		{93356D0F-2872-4AF6-AB1B-8182F58FFF16}.Debug|x86.Deploy.0 = Debug|Any CPU
		{93356D0F-2872-4AF6-AB1B-8182F58FFF16}.Release|Any CPU.ActiveCfg = Release|Any CPU
		{93356D0F-2872-4AF6-AB1B-8182F58FFF16}.Release|Any CPU.Build.0 = Release|Any CPU
		{93356D0F-2872-4AF6-AB1B-8182F58FFF16}.Release|Any CPU.Deploy.0 = Release|Any CPU
		{93356D0F-2872-4AF6-AB1B-8182F58FFF16}.Release|x64.ActiveCfg = Release|Any CPU
		{93356D0F-2872-4AF6-AB1B-8182F58FFF16}.Release|x64.Build.0 = Release|Any CPU
		{93356D0F-2872-4AF6-AB1B-8182F58FFF16}.Release|x64.Deploy.0 = Release|Any CPU
		{93356D0F-2872-4AF6-AB1B-8182F58FFF16}.Release|x86.ActiveCfg = Release|Any CPU
		{93356D0F-2872-4AF6-AB1B-8182F58FFF16}.Release|x86.Build.0 = Release|Any CPU
		{93356D0F-2872-4AF6-AB1B-8182F58FFF16}.Release|x86.Deploy.0 = Release|Any CPU
		{4ECE73F4-C9C1-4CC2-BB4C-A533D4D3F882}.Debug|Any CPU.ActiveCfg = Debug|Any CPU
		{4ECE73F4-C9C1-4CC2-BB4C-A533D4D3F882}.Debug|Any CPU.Build.0 = Debug|Any CPU
		{4ECE73F4-C9C1-4CC2-BB4C-A533D4D3F882}.Debug|x64.ActiveCfg = Debug|Any CPU
		{4ECE73F4-C9C1-4CC2-BB4C-A533D4D3F882}.Debug|x64.Build.0 = Debug|Any CPU
		{4ECE73F4-C9C1-4CC2-BB4C-A533D4D3F882}.Debug|x86.ActiveCfg = Debug|Any CPU
		{4ECE73F4-C9C1-4CC2-BB4C-A533D4D3F882}.Debug|x86.Build.0 = Debug|Any CPU
		{4ECE73F4-C9C1-4CC2-BB4C-A533D4D3F882}.Release|Any CPU.ActiveCfg = Release|Any CPU
		{4ECE73F4-C9C1-4CC2-BB4C-A533D4D3F882}.Release|Any CPU.Build.0 = Release|Any CPU
		{4ECE73F4-C9C1-4CC2-BB4C-A533D4D3F882}.Release|x64.ActiveCfg = Release|Any CPU
		{4ECE73F4-C9C1-4CC2-BB4C-A533D4D3F882}.Release|x64.Build.0 = Release|Any CPU
		{4ECE73F4-C9C1-4CC2-BB4C-A533D4D3F882}.Release|x86.ActiveCfg = Release|Any CPU
		{4ECE73F4-C9C1-4CC2-BB4C-A533D4D3F882}.Release|x86.Build.0 = Release|Any CPU
		{BF303DF4-2A54-4B16-AF7D-6094B99262CF}.Debug|Any CPU.ActiveCfg = Debug|Any CPU
		{BF303DF4-2A54-4B16-AF7D-6094B99262CF}.Debug|Any CPU.Build.0 = Debug|Any CPU
		{BF303DF4-2A54-4B16-AF7D-6094B99262CF}.Debug|x64.ActiveCfg = Debug|Any CPU
		{BF303DF4-2A54-4B16-AF7D-6094B99262CF}.Debug|x64.Build.0 = Debug|Any CPU
		{BF303DF4-2A54-4B16-AF7D-6094B99262CF}.Debug|x86.ActiveCfg = Debug|Any CPU
		{BF303DF4-2A54-4B16-AF7D-6094B99262CF}.Debug|x86.Build.0 = Debug|Any CPU
		{BF303DF4-2A54-4B16-AF7D-6094B99262CF}.Release|Any CPU.ActiveCfg = Release|Any CPU
		{BF303DF4-2A54-4B16-AF7D-6094B99262CF}.Release|Any CPU.Build.0 = Release|Any CPU
		{BF303DF4-2A54-4B16-AF7D-6094B99262CF}.Release|x64.ActiveCfg = Release|Any CPU
		{BF303DF4-2A54-4B16-AF7D-6094B99262CF}.Release|x64.Build.0 = Release|Any CPU
		{BF303DF4-2A54-4B16-AF7D-6094B99262CF}.Release|x86.ActiveCfg = Release|Any CPU
		{BF303DF4-2A54-4B16-AF7D-6094B99262CF}.Release|x86.Build.0 = Release|Any CPU
	EndGlobalSection
	GlobalSection(SolutionProperties) = preSolution
		HideSolutionNode = FALSE
	EndGlobalSection
	GlobalSection(NestedProjects) = preSolution
		{1688DB9B-B58F-46A4-BC8B-3A473906EF64} = {52949E25-0130-434C-9FEE-9EC0051FE249}
		{A73D3A8C-D0AE-4D07-83F1-975522826D28} = {52949E25-0130-434C-9FEE-9EC0051FE249}
		{927184F1-1036-4A34-8F8B-7BE21F49C9EE} = {52949E25-0130-434C-9FEE-9EC0051FE249}
		{58694345-0A4F-4660-95B5-B5AEF907D312} = {52949E25-0130-434C-9FEE-9EC0051FE249}
		{35198549-D420-4A1E-ACE6-74B16C70C361} = {3C543720-E318-4656-AFA2-8DB81AB239C4}
		{BBC862EF-76E9-4BBD-8ACE-C099C9536008} = {35198549-D420-4A1E-ACE6-74B16C70C361}
		{0E99AF52-100B-41B3-9B09-9131739E7F90} = {35198549-D420-4A1E-ACE6-74B16C70C361}
		{3FF00D2B-9834-460E-93AE-633502A6329A} = {52949E25-0130-434C-9FEE-9EC0051FE249}
		{610291CE-2D3E-4DD7-A652-73731630F573} = {3C543720-E318-4656-AFA2-8DB81AB239C4}
		{413BB7F6-3736-4157-8DEB-CA51EA9679CD} = {610291CE-2D3E-4DD7-A652-73731630F573}
		{29F12D21-0925-445D-99C1-830135E18990} = {610291CE-2D3E-4DD7-A652-73731630F573}
		{A17705D5-4A67-46A9-A510-ED1B96A51F4E} = {52949E25-0130-434C-9FEE-9EC0051FE249}
		{4C8F4172-9985-486B-8A62-6BA3BF5E741C} = {AED4E8A3-F5D3-4CFA-BF09-DFD1148FAA22}
		{6E91BD2F-279F-462D-922C-EE8BE4F26B68} = {5663CBC2-FC4D-4BD6-907A-16ACE3F32359}
		{93356D0F-2872-4AF6-AB1B-8182F58FFF16} = {5663CBC2-FC4D-4BD6-907A-16ACE3F32359}
		{52949E25-0130-434C-9FEE-9EC0051FE249} = {3C543720-E318-4656-AFA2-8DB81AB239C4}
		{99098003-35C5-468B-991B-2D7779598DB2} = {AED4E8A3-F5D3-4CFA-BF09-DFD1148FAA22}
		{4ECE73F4-C9C1-4CC2-BB4C-A533D4D3F882} = {99098003-35C5-468B-991B-2D7779598DB2}
		{20815E16-2C5A-4708-974E-D55634A21E18} = {3C543720-E318-4656-AFA2-8DB81AB239C4}
		{BF303DF4-2A54-4B16-AF7D-6094B99262CF} = {20815E16-2C5A-4708-974E-D55634A21E18}
	EndGlobalSection
	GlobalSection(ExtensibilityGlobals) = postSolution
		SolutionGuid = {52938B10-92DC-4622-96F9-64B77B50E6E0}
	EndGlobalSection
EndGlobal
